github.com/mattn/go-sqlite3 v1.14.32 h1:JD12Ag3oLy1zQA+BNn74xRgaBbdhbNIDYvQUEuuErjs=
github.com/mattn/go-sqlite3 v1.14.32/go.mod h1:Uh1q+B4BYcTPb+yiD3kU8Ct7aC0hY9fxUwlHK0RXw+Y=
github.com/pavelstarovoitov/sqlite06 v0.0.0-20251224063027-facbd970adca h1:VGpdYtNpIPt5rgXegyNtcuq//Sq4aQ9UjI7HC3V4UFE=
github.com/pavelstarovoitov/sqlite06 v0.0.0-20251224063027-facbd970adca/go.mod h1:4FjhgwG8AM2Cv24rnKnN8ETFFQ+VEvDnwJlD/xXB9gk=
